PODS:
  - Flutter (1.0.0)
  - flutter_speech_to_text (1.0.0):
    - Flutter

DEPENDENCIES:
  - Flutter (from `Flutter`)
  - flutter_speech_to_text (from `.symlinks/plugins/flutter_speech_to_text/ios`)

EXTERNAL SOURCES:
  Flutter:
    :path: Flutter
  flutter_speech_to_text:
    :path: ".symlinks/plugins/flutter_speech_to_text/ios"

SPEC CHECKSUMS:
  Flutter: cabc95a1d2626b1b06e7179b784ebcf0c0cde467
  flutter_speech_to_text: 67e1437705e2593ec0d8b666eb434afca1125031

PODFILE CHECKSUM: 0aa5c2af9f016a23c3c5f53239b9478c96eff4e2

COCOAPODS: 1.16.2
